// !$*UTF8*$!
{
	archiveVersion = 1;
	classes = {
	};
	objectVersion = 55;
	objects = {

/* Begin PBXBuildFile section */
		350BD8222A75D9380038B349 /* AudioTestApp.swift in Sources */ = {isa = PBXBuildFile; fileRef = 350BD8212A75D9380038B349 /* AudioTestApp.swift */; };
		350BD8242A75D9380038B349 /* ContentView.swift in Sources */ = {isa = PBXBuildFile; fileRef = 350BD8232A75D9380038B349 /* ContentView.swift */; };
		350BD8262A75D93A0038B349 /* Assets.xcassets in Resources */ = {isa = PBXBuildFile; fileRef = 350BD8252A75D93A0038B349 /* Assets.xcassets */; };
		350BD8292A75D93A0038B349 /* Preview Assets.xcassets in Resources */ = {isa = PBXBuildFile; fileRef = 350BD8282A75D93A0038B349 /* Preview Assets.xcassets */; };
		350BD8312A75D97B0038B349 /* AudioDriver.swift in Sources */ = {isa = PBXBuildFile; fileRef = 350BD8302A75D97B0038B349 /* AudioDriver.swift */; };
		350BD8332A75D99F0038B349 /* audio.aac in Resources */ = {isa = PBXBuildFile; fileRef = 350BD8322A75D99F0038B349 /* audio.aac */; };
		350BD8352A7616470038B349 /* AudioDriverEx.swift in Sources */ = {isa = PBXBuildFile; fileRef = 350BD8342A7616470038B349 /* AudioDriverEx.swift */; };
		354230542A7A46E80092C8AB /* AudioQueuePlayer.swift in Sources */ = {isa = PBXBuildFile; fileRef = 354230532A7A46E80092C8AB /* AudioQueuePlayer.swift */; };
		354230562A7A47210092C8AB /* AudioDriveImp.swift in Sources */ = {isa = PBXBuildFile; fileRef = 354230552A7A47210092C8AB /* AudioDriveImp.swift */; };
		354230582A7A4ED20092C8AB /* AudioFileFrameProvider.swift in Sources */ = {isa = PBXBuildFile; fileRef = 354230572A7A4ED20092C8AB /* AudioFileFrameProvider.swift */; };
		3542305A2A7A53D00092C8AB /* AudioEnginePlayer.swift in Sources */ = {isa = PBXBuildFile; fileRef = 354230592A7A53D00092C8AB /* AudioEnginePlayer.swift */; };
		35B1703F2A7BA0B100789674 /* AudioUnitPlayer.swift in Sources */ = {isa = PBXBuildFile; fileRef = 35B1703E2A7BA0B100789674 /* AudioUnitPlayer.swift */; };
		35FBC8D92A7B3E200053FEBF /* TestData.bundle in Resources */ = {isa = PBXBuildFile; fileRef = 35FBC8D82A7B3E200053FEBF /* TestData.bundle */; };
/* End PBXBuildFile section */

/* Begin PBXFileReference section */
		350BD81E2A75D9380038B349 /* AudioTest.app */ = {isa = PBXFileReference; explicitFileType = wrapper.application; includeInIndex = 0; path = AudioTest.app; sourceTree = BUILT_PRODUCTS_DIR; };
		350BD8212A75D9380038B349 /* AudioTestApp.swift */ = {isa = PBXFileReference; lastKnownFileType = sourcecode.swift; path = AudioTestApp.swift; sourceTree = "<group>"; };
		350BD8232A75D9380038B349 /* ContentView.swift */ = {isa = PBXFileReference; lastKnownFileType = sourcecode.swift; path = ContentView.swift; sourceTree = "<group>"; };
		350BD8252A75D93A0038B349 /* Assets.xcassets */ = {isa = PBXFileReference; lastKnownFileType = folder.assetcatalog; path = Assets.xcassets; sourceTree = "<group>"; };
		350BD8282A75D93A0038B349 /* Preview Assets.xcassets */ = {isa = PBXFileReference; lastKnownFileType = folder.assetcatalog; path = "Preview Assets.xcassets"; sourceTree = "<group>"; };
		350BD82A2A75D93A0038B349 /* AudioTest.entitlements */ = {isa = PBXFileReference; lastKnownFileType = text.plist.entitlements; path = AudioTest.entitlements; sourceTree = "<group>"; };
		350BD8302A75D97B0038B349 /* AudioDriver.swift */ = {isa = PBXFileReference; fileEncoding = 4; lastKnownFileType = sourcecode.swift; path = AudioDriver.swift; sourceTree = "<group>"; };
		350BD8322A75D99F0038B349 /* audio.aac */ = {isa = PBXFileReference; lastKnownFileType = file; path = audio.aac; sourceTree = "<group>"; };
		350BD8342A7616470038B349 /* AudioDriverEx.swift */ = {isa = PBXFileReference; fileEncoding = 4; lastKnownFileType = sourcecode.swift; path = AudioDriverEx.swift; sourceTree = "<group>"; };
		354230532A7A46E80092C8AB /* AudioQueuePlayer.swift */ = {isa = PBXFileReference; lastKnownFileType = sourcecode.swift; path = AudioQueuePlayer.swift; sourceTree = "<group>"; };
		354230552A7A47210092C8AB /* AudioDriveImp.swift */ = {isa = PBXFileReference; lastKnownFileType = sourcecode.swift; path = AudioDriveImp.swift; sourceTree = "<group>"; };
		354230572A7A4ED20092C8AB /* AudioFileFrameProvider.swift */ = {isa = PBXFileReference; lastKnownFileType = sourcecode.swift; path = AudioFileFrameProvider.swift; sourceTree = "<group>"; };
		354230592A7A53D00092C8AB /* AudioEnginePlayer.swift */ = {isa = PBXFileReference; lastKnownFileType = sourcecode.swift; path = AudioEnginePlayer.swift; sourceTree = "<group>"; };
		35B1703E2A7BA0B100789674 /* AudioUnitPlayer.swift */ = {isa = PBXFileReference; lastKnownFileType = sourcecode.swift; path = AudioUnitPlayer.swift; sourceTree = "<group>"; };
		35FBC8D82A7B3E200053FEBF /* TestData.bundle */ = {isa = PBXFileReference; lastKnownFileType = "wrapper.plug-in"; path = TestData.bundle; sourceTree = "<group>"; };
/* End PBXFileReference section */

/* Begin PBXFrameworksBuildPhase section */
		350BD81B2A75D9380038B349 /* Frameworks */ = {
			isa = PBXFrameworksBuildPhase;
			buildActionMask = 2147483647;
			files = (
			);
			runOnlyForDeploymentPostprocessing = 0;
		};
/* End PBXFrameworksBuildPhase section */

/* Begin PBXGroup section */
		350BD8152A75D9380038B349 = {
			isa = PBXGroup;
			children = (
				350BD8202A75D9380038B349 /* AudioTest */,
				350BD81F2A75D9380038B349 /* Products */,
			);
			sourceTree = "<group>";
		};
		350BD81F2A75D9380038B349 /* Products */ = {
			isa = PBXGroup;
			children = (
				350BD81E2A75D9380038B349 /* AudioTest.app */,
			);
			name = Products;
			sourceTree = "<group>";
		};
		350BD8202A75D9380038B349 /* AudioTest */ = {
			isa = PBXGroup;
			children = (
				35B1703D2A7BA08100789674 /* AudioDriveImp */,
				35FBC8D82A7B3E200053FEBF /* TestData.bundle */,
				350BD8232A75D9380038B349 /* ContentView.swift */,
				350BD8212A75D9380038B349 /* AudioTestApp.swift */,
				350BD8342A7616470038B349 /* AudioDriverEx.swift */,
				350BD8322A75D99F0038B349 /* audio.aac */,
				350BD8302A75D97B0038B349 /* AudioDriver.swift */,
				350BD8252A75D93A0038B349 /* Assets.xcassets */,
				350BD82A2A75D93A0038B349 /* AudioTest.entitlements */,
				350BD8272A75D93A0038B349 /* Preview Content */,
			);
			path = AudioTest;
			sourceTree = "<group>";
		};
		350BD8272A75D93A0038B349 /* Preview Content */ = {
			isa = PBXGroup;
			children = (
				350BD8282A75D93A0038B349 /* Preview Assets.xcassets */,
			);
			path = "Preview Content";
			sourceTree = "<group>";
		};
		35B1703D2A7BA08100789674 /* AudioDriveImp */ = {
			isa = PBXGroup;
			children = (
				354230532A7A46E80092C8AB /* AudioQueuePlayer.swift */,
				354230552A7A47210092C8AB /* AudioDriveImp.swift */,
				354230572A7A4ED20092C8AB /* AudioFileFrameProvider.swift */,
				354230592A7A53D00092C8AB /* AudioEnginePlayer.swift */,
				35B1703E2A7BA0B100789674 /* AudioUnitPlayer.swift */,
			);
			path = AudioDriveImp;
			sourceTree = "<group>";
		};
/* End PBXGroup section */

/* Begin PBXNativeTarget section */
		350BD81D2A75D9380038B349 /* AudioTest */ = {
			isa = PBXNativeTarget;
			buildConfigurationList = 350BD82D2A75D93A0038B349 /* Build configuration list for PBXNativeTarget "AudioTest" */;
			buildPhases = (
				350BD81A2A75D9380038B349 /* Sources */,
				350BD81B2A75D9380038B349 /* Frameworks */,
				350BD81C2A75D9380038B349 /* Resources */,
			);
			buildRules = (
			);
			dependencies = (
			);
			name = AudioTest;
			productName = AudioTest;
			productReference = 350BD81E2A75D9380038B349 /* AudioTest.app */;
			productType = "com.apple.product-type.application";
		};
/* End PBXNativeTarget section */

/* Begin PBXProject section */
		350BD8162A75D9380038B349 /* Project object */ = {
			isa = PBXProject;
			attributes = {
				BuildIndependentTargetsInParallel = 1;
				LastSwiftUpdateCheck = 1320;
				LastUpgradeCheck = 1320;
				TargetAttributes = {
					350BD81D2A75D9380038B349 = {
						CreatedOnToolsVersion = 13.2.1;
					};
				};
			};
			buildConfigurationList = 350BD8192A75D9380038B349 /* Build configuration list for PBXProject "AudioTest" */;
			compatibilityVersion = "Xcode 13.0";
			developmentRegion = en;
			hasScannedForEncodings = 0;
			knownRegions = (
				en,
				Base,
			);
			mainGroup = 350BD8152A75D9380038B349;
			productRefGroup = 350BD81F2A75D9380038B349 /* Products */;
			projectDirPath = "";
			projectRoot = "";
			targets = (
				350BD81D2A75D9380038B349 /* AudioTest */,
			);
		};
/* End PBXProject section */

/* Begin PBXResourcesBuildPhase section */
		350BD81C2A75D9380038B349 /* Resources */ = {
			isa = PBXResourcesBuildPhase;
			buildActionMask = 2147483647;
			files = (
				350BD8292A75D93A0038B349 /* Preview Assets.xcassets in Resources */,
				35FBC8D92A7B3E200053FEBF /* TestData.bundle in Resources */,
				350BD8332A75D99F0038B349 /* audio.aac in Resources */,
				350BD8262A75D93A0038B349 /* Assets.xcassets in Resources */,
			);
			runOnlyForDeploymentPostprocessing = 0;
		};
/* End PBXResourcesBuildPhase section */

/* Begin PBXSourcesBuildPhase section */
		350BD81A2A75D9380038B349 /* Sources */ = {
			isa = PBXSourcesBuildPhase;
			buildActionMask = 2147483647;
			files = (
				354230562A7A47210092C8AB /* AudioDriveImp.swift in Sources */,
				350BD8242A75D9380038B349 /* ContentView.swift in Sources */,
				350BD8352A7616470038B349 /* AudioDriverEx.swift in Sources */,
				354230542A7A46E80092C8AB /* AudioQueuePlayer.swift in Sources */,
				354230582A7A4ED20092C8AB /* AudioFileFrameProvider.swift in Sources */,
				350BD8222A75D9380038B349 /* AudioTestApp.swift in Sources */,
				350BD8312A75D97B0038B349 /* AudioDriver.swift in Sources */,
				3542305A2A7A53D00092C8AB /* AudioEnginePlayer.swift in Sources */,
				35B1703F2A7BA0B100789674 /* AudioUnitPlayer.swift in Sources */,
			);
			runOnlyForDeploymentPostprocessing = 0;
		};
/* End PBXSourcesBuildPhase section */

/* Begin XCBuildConfiguration section */
		350BD82B2A75D93A0038B349 /* Debug */ = {
			isa = XCBuildConfiguration;
			buildSettings = {
				ALWAYS_SEARCH_USER_PATHS = NO;
				CLANG_ANALYZER_NONNULL = YES;
				CLANG_ANALYZER_NUMBER_OBJECT_CONVERSION = YES_AGGRESSIVE;
				CLANG_CXX_LANGUAGE_STANDARD = "gnu++17";
				CLANG_CXX_LIBRARY = "libc++";
				CLANG_ENABLE_MODULES = YES;
				CLANG_ENABLE_OBJC_ARC = YES;
				CLANG_ENABLE_OBJC_WEAK = YES;
				CLANG_WARN_BLOCK_CAPTURE_AUTORELEASING = YES;
				CLANG_WARN_BOOL_CONVERSION = YES;
				CLANG_WARN_COMMA = YES;
				CLANG_WARN_CONSTANT_CONVERSION = YES;
				CLANG_WARN_DEPRECATED_OBJC_IMPLEMENTATIONS = YES;
				CLANG_WARN_DIRECT_OBJC_ISA_USAGE = YES_ERROR;
				CLANG_WARN_DOCUMENTATION_COMMENTS = YES;
				CLANG_WARN_EMPTY_BODY = YES;
				CLANG_WARN_ENUM_CONVERSION = YES;
				CLANG_WARN_INFINITE_RECURSION = YES;
				CLANG_WARN_INT_CONVERSION = YES;
				CLANG_WARN_NON_LITERAL_NULL_CONVERSION = YES;
				CLANG_WARN_OBJC_IMPLICIT_RETAIN_SELF = YES;
				CLANG_WARN_OBJC_LITERAL_CONVERSION = YES;
				CLANG_WARN_OBJC_ROOT_CLASS = YES_ERROR;
				CLANG_WARN_QUOTED_INCLUDE_IN_FRAMEWORK_HEADER = YES;
				CLANG_WARN_RANGE_LOOP_ANALYSIS = YES;
				CLANG_WARN_STRICT_PROTOTYPES = YES;
				CLANG_WARN_SUSPICIOUS_MOVE = YES;
				CLANG_WARN_UNGUARDED_AVAILABILITY = YES_AGGRESSIVE;
				CLANG_WARN_UNREACHABLE_CODE = YES;
				CLANG_WARN__DUPLICATE_METHOD_MATCH = YES;
				COPY_PHASE_STRIP = NO;
				DEBUG_INFORMATION_FORMAT = dwarf;
				ENABLE_STRICT_OBJC_MSGSEND = YES;
				ENABLE_TESTABILITY = YES;
				GCC_C_LANGUAGE_STANDARD = gnu11;
				GCC_DYNAMIC_NO_PIC = NO;
				GCC_NO_COMMON_BLOCKS = YES;
				GCC_OPTIMIZATION_LEVEL = 0;
				GCC_PREPROCESSOR_DEFINITIONS = (
					"DEBUG=1",
					"$(inherited)",
				);
				GCC_WARN_64_TO_32_BIT_CONVERSION = YES;
				GCC_WARN_ABOUT_RETURN_TYPE = YES_ERROR;
				GCC_WARN_UNDECLARED_SELECTOR = YES;
				GCC_WARN_UNINITIALIZED_AUTOS = YES_AGGRESSIVE;
				GCC_WARN_UNUSED_FUNCTION = YES;
				GCC_WARN_UNUSED_VARIABLE = YES;
				MACOSX_DEPLOYMENT_TARGET = 11.7;
				MTL_ENABLE_DEBUG_INFO = INCLUDE_SOURCE;
				MTL_FAST_MATH = YES;
				ONLY_ACTIVE_ARCH = YES;
				SDKROOT = macosx;
				SWIFT_ACTIVE_COMPILATION_CONDITIONS = DEBUG;
				SWIFT_OPTIMIZATION_LEVEL = "-Onone";
			};
			name = Debug;
		};
		350BD82C2A75D93A0038B349 /* Release */ = {
			isa = XCBuildConfiguration;
			buildSettings = {
				ALWAYS_SEARCH_USER_PATHS = NO;
				CLANG_ANALYZER_NONNULL = YES;
				CLANG_ANALYZER_NUMBER_OBJECT_CONVERSION = YES_AGGRESSIVE;
				CLANG_CXX_LANGUAGE_STANDARD = "gnu++17";
				CLANG_CXX_LIBRARY = "libc++";
				CLANG_ENABLE_MODULES = YES;
				CLANG_ENABLE_OBJC_ARC = YES;
				CLANG_ENABLE_OBJC_WEAK = YES;
				CLANG_WARN_BLOCK_CAPTURE_AUTORELEASING = YES;
				CLANG_WARN_BOOL_CONVERSION = YES;
				CLANG_WARN_COMMA = YES;
				CLANG_WARN_CONSTANT_CONVERSION = YES;
				CLANG_WARN_DEPRECATED_OBJC_IMPLEMENTATIONS = YES;
				CLANG_WARN_DIRECT_OBJC_ISA_USAGE = YES_ERROR;
				CLANG_WARN_DOCUMENTATION_COMMENTS = YES;
				CLANG_WARN_EMPTY_BODY = YES;
				CLANG_WARN_ENUM_CONVERSION = YES;
				CLANG_WARN_INFINITE_RECURSION = YES;
				CLANG_WARN_INT_CONVERSION = YES;
				CLANG_WARN_NON_LITERAL_NULL_CONVERSION = YES;
				CLANG_WARN_OBJC_IMPLICIT_RETAIN_SELF = YES;
				CLANG_WARN_OBJC_LITERAL_CONVERSION = YES;
				CLANG_WARN_OBJC_ROOT_CLASS = YES_ERROR;
				CLANG_WARN_QUOTED_INCLUDE_IN_FRAMEWORK_HEADER = YES;
				CLANG_WARN_RANGE_LOOP_ANALYSIS = YES;
				CLANG_WARN_STRICT_PROTOTYPES = YES;
				CLANG_WARN_SUSPICIOUS_MOVE = YES;
				CLANG_WARN_UNGUARDED_AVAILABILITY = YES_AGGRESSIVE;
				CLANG_WARN_UNREACHABLE_CODE = YES;
				CLANG_WARN__DUPLICATE_METHOD_MATCH = YES;
				COPY_PHASE_STRIP = NO;
				DEBUG_INFORMATION_FORMAT = "dwarf-with-dsym";
				ENABLE_NS_ASSERTIONS = NO;
				ENABLE_STRICT_OBJC_MSGSEND = YES;
				GCC_C_LANGUAGE_STANDARD = gnu11;
				GCC_NO_COMMON_BLOCKS = YES;
				GCC_WARN_64_TO_32_BIT_CONVERSION = YES;
				GCC_WARN_ABOUT_RETURN_TYPE = YES_ERROR;
				GCC_WARN_UNDECLARED_SELECTOR = YES;
				GCC_WARN_UNINITIALIZED_AUTOS = YES_AGGRESSIVE;
				GCC_WARN_UNUSED_FUNCTION = YES;
				GCC_WARN_UNUSED_VARIABLE = YES;
				MACOSX_DEPLOYMENT_TARGET = 11.7;
				MTL_ENABLE_DEBUG_INFO = NO;
				MTL_FAST_MATH = YES;
				SDKROOT = macosx;
				SWIFT_COMPILATION_MODE = wholemodule;
				SWIFT_OPTIMIZATION_LEVEL = "-O";
			};
			name = Release;
		};
		350BD82E2A75D93A0038B349 /* Debug */ = {
			isa = XCBuildConfiguration;
			buildSettings = {
				ASSETCATALOG_COMPILER_APPICON_NAME = AppIcon;
				ASSETCATALOG_COMPILER_GLOBAL_ACCENT_COLOR_NAME = AccentColor;
				CODE_SIGN_ENTITLEMENTS = AudioTest/AudioTest.entitlements;
				CODE_SIGN_STYLE = Automatic;
				COMBINE_HIDPI_IMAGES = YES;
				CURRENT_PROJECT_VERSION = 1;
				DEVELOPMENT_ASSET_PATHS = "\"AudioTest/Preview Content\"";
				DEVELOPMENT_TEAM = 82Q375NBS9;
				ENABLE_HARDENED_RUNTIME = YES;
				ENABLE_PREVIEWS = YES;
				GENERATE_INFOPLIST_FILE = YES;
				INFOPLIST_KEY_NSHumanReadableCopyright = "";
				LD_RUNPATH_SEARCH_PATHS = (
					"$(inherited)",
					"@executable_path/../Frameworks",
				);
				MARKETING_VERSION = 1.0;
				PRODUCT_BUNDLE_IDENTIFIER = com.miochen.TicketCreator.AudioTest;
				PRODUCT_NAME = "$(TARGET_NAME)";
				SWIFT_EMIT_LOC_STRINGS = YES;
				SWIFT_VERSION = 5.0;
			};
			name = Debug;
		};
		350BD82F2A75D93A0038B349 /* Release */ = {
			isa = XCBuildConfiguration;
			buildSettings = {
				ASSETCATALOG_COMPILER_APPICON_NAME = AppIcon;
				ASSETCATALOG_COMPILER_GLOBAL_ACCENT_COLOR_NAME = AccentColor;
				CODE_SIGN_ENTITLEMENTS = AudioTest/AudioTest.entitlements;
				CODE_SIGN_STYLE = Automatic;
				COMBINE_HIDPI_IMAGES = YES;
				CURRENT_PROJECT_VERSION = 1;
				DEVELOPMENT_ASSET_PATHS = "\"AudioTest/Preview Content\"";
				DEVELOPMENT_TEAM = 82Q375NBS9;
				ENABLE_HARDENED_RUNTIME = YES;
				ENABLE_PREVIEWS = YES;
				GENERATE_INFOPLIST_FILE = YES;
				INFOPLIST_KEY_NSHumanReadableCopyright = "";
				LD_RUNPATH_SEARCH_PATHS = (
					"$(inherited)",
					"@executable_path/../Frameworks",
				);
				MARKETING_VERSION = 1.0;
				PRODUCT_BUNDLE_IDENTIFIER = com.miochen.TicketCreator.AudioTest;
				PRODUCT_NAME = "$(TARGET_NAME)";
				SWIFT_EMIT_LOC_STRINGS = YES;
				SWIFT_VERSION = 5.0;
			};
			name = Release;
		};
/* End XCBuildConfiguration section */

/* Begin XCConfigurationList section */
		350BD8192A75D9380038B349 /* Build configuration list for PBXProject "AudioTest" */ = {
			isa = XCConfigurationList;
			buildConfigurations = (
				350BD82B2A75D93A0038B349 /* Debug */,
				350BD82C2A75D93A0038B349 /* Release */,
			);
			defaultConfigurationIsVisible = 0;
			defaultConfigurationName = Release;
		};
		350BD82D2A75D93A0038B349 /* Build configuration list for PBXNativeTarget "AudioTest" */ = {
			isa = XCConfigurationList;
			buildConfigurations = (
				350BD82E2A75D93A0038B349 /* Debug */,
				350BD82F2A75D93A0038B349 /* Release */,
			);
			defaultConfigurationIsVisible = 0;
			defaultConfigurationName = Release;
		};
/* End XCConfigurationList section */
	};
	rootObject = 350BD8162A75D9380038B349 /* Project object */;
}
